<?xml version="1.0" encoding="utf-8"?>
<Project ToolsVersion="4.0" xmlns="http://schemas.microsoft.com/developer/msbuild/2003">
  <ItemGroup>
    <Filter Include="Source Files">
      <UniqueIdentifier>{4FC737F1-C7A5-4376-A066-2A32D752A2FF}</UniqueIdentifier>
      <Extensions>cpp;c;cxx;def;odl;idl;hpj;bat;asm;asmx</Extensions>
    </Filter>
    <Filter Include="Source Files\Generated Files">
      <UniqueIdentifier>{767d3c4b-fba0-4cfa-91d7-588a51d69aaa}</UniqueIdentifier>
      <SourceControlFiles>False</SourceControlFiles>
    </Filter>
    <Filter Include="Header Files">
      <UniqueIdentifier>{93995380-89BD-4b04-88EB-625FBE52EBFB}</UniqueIdentifier>
      <Extensions>h;hpp;hxx;hm;inl;inc;xsd</Extensions>
    </Filter>
    <Filter Include="Header Files\Generated Files">
      <UniqueIdentifier>{c301e5dc-5aba-4df4-9753-a969bfa56144}</UniqueIdentifier>
      <SourceControlFiles>False</SourceControlFiles>
    </Filter>
    <Filter Include="Resource Files">
      <UniqueIdentifier>{67DA6AB6-F800-4c08-8B7A-83BB121AAD01}</UniqueIdentifier>
      <Extensions>rc;ico;cur;bmp;dlg;rc2;rct;bin;rgs;gif;jpg;jpeg;jpe;resx</Extensions>
    </Filter>
    <Filter Include="Documents">
      <UniqueIdentifier>{037ce804-8e59-4a69-b814-c7f9e659b1fd}</UniqueIdentifier>
    </Filter>
  </ItemGroup>
  <ItemGroup>
    <ClCompile Include="AboutDlg.cpp">
      <Filter>Source Files</Filter>
    </ClCompile>
    <ClCompile Include="RichTextBoxCtl.cpp">
      <Filter>Source Files</Filter>
    </ClCompile>
    <ClCompile Include="RichTextBox.cpp">
      <Filter>Source Files</Filter>
    </ClCompile>
    <ClCompile Include="CWindowEx2.cpp">
      <Filter>Source Files</Filter>
    </ClCompile>
    <ClCompile Include="EnumOLEVERB.cpp">
      <Filter>Source Files</Filter>
    </ClCompile>
    <ClCompile Include="helpers.cpp">
      <Filter>Source Files</Filter>
    </ClCompile>
    <ClCompile Include="stdafx.cpp">
      <Filter>Source Files</Filter>
    </ClCompile>
    <ClCompile Include="RichTextBoxCtlA_i.c">
      <Filter>Source Files\Generated Files</Filter>
    </ClCompile>
    <ClCompile Include="RichTextBoxCtlU_i.c">
      <Filter>Source Files\Generated Files</Filter>
    </ClCompile>
    <ClCompile Include="TextRange.cpp">
      <Filter>Source Files</Filter>
    </ClCompile>
    <ClCompile Include="TextSubRanges.cpp">
      <Filter>Source Files</Filter>
    </ClCompile>
    <ClCompile Include="Table.cpp">
      <Filter>Source Files</Filter>
    </ClCompile>
    <ClCompile Include="TableCell.cpp">
      <Filter>Source Files</Filter>
    </ClCompile>
    <ClCompile Include="TableCells.cpp">
      <Filter>Source Files</Filter>
    </ClCompile>
    <ClCompile Include="TableRow.cpp">
      <Filter>Source Files</Filter>
    </ClCompile>
    <ClCompile Include="TableRows.cpp">
      <Filter>Source Files</Filter>
    </ClCompile>
    <ClCompile Include="TextFont.cpp">
      <Filter>Source Files</Filter>
    </ClCompile>
    <ClCompile Include="TextParagraph.cpp">
      <Filter>Source Files</Filter>
    </ClCompile>
    <ClCompile Include="TextParagraphTab.cpp">
      <Filter>Source Files</Filter>
    </ClCompile>
    <ClCompile Include="TextParagraphTabs.cpp">
      <Filter>Source Files</Filter>
    </ClCompile>
    <ClCompile Include="TargetOLEDataObject.cpp">
      <Filter>Source Files</Filter>
    </ClCompile>
    <ClCompile Include="SourceOLEDataObject.cpp">
      <Filter>Source Files</Filter>
    </ClCompile>
    <ClCompile Include="OLEObject.cpp">
      <Filter>Source Files</Filter>
    </ClCompile>
    <ClCompile Include="OLEObjects.cpp">
      <Filter>Source Files</Filter>
    </ClCompile>
    <ClCompile Include="MouseHookProvider.cpp">
      <Filter>Source Files</Filter>
    </ClCompile>
  </ItemGroup>
  <ItemGroup>
    <None Include="RichTextBoxCtlA.def">
      <Filter>Source Files</Filter>
    </None>
    <None Include="RichTextBoxCtlU.def">
      <Filter>Source Files</Filter>
    </None>
    <None Include="res\About.jpg">
      <Filter>Resource Files</Filter>
    </None>
    <None Include="res\RichTextBoxCtlA.rgs">
      <Filter>Resource Files</Filter>
    </None>
    <None Include="res\RichTextBoxCtlU.rgs">
      <Filter>Resource Files</Filter>
    </None>
    <None Include="res\RichTextBoxA.bmp">
      <Filter>Resource Files</Filter>
    </None>
    <None Include="res\RichTextBoxU.bmp">
      <Filter>Resource Files</Filter>
    </None>
    <None Include="res\Paypal.jpg">
      <Filter>Resource Files</Filter>
    </None>
    <None Include="res\ToolBar disabled.bmp">
      <Filter>Resource Files</Filter>
    </None>
    <None Include="res\ToolBar enabled.bmp">
      <Filter>Resource Files</Filter>
    </None>
    <None Include="..\doc\Unused parts of API.txt">
      <Filter>Documents</Filter>
    </None>
    <None Include="res\CommonPropertiesA.rgs">
      <Filter>Resource Files</Filter>
    </None>
    <None Include="res\TextSubRangesU.rgs">
      <Filter>Resource Files</Filter>
    </None>
    <None Include="res\CommonPropertiesU.rgs">
      <Filter>Resource Files</Filter>
    </None>
    <None Include="res\OLEDataObjectA.rgs">
      <Filter>Resource Files</Filter>
    </None>
    <None Include="res\OLEDataObjectU.rgs">
      <Filter>Resource Files</Filter>
    </None>
    <None Include="res\OLEObjectA.rgs">
      <Filter>Resource Files</Filter>
    </None>
    <None Include="res\OLEObjectsA.rgs">
      <Filter>Resource Files</Filter>
    </None>
    <None Include="res\OLEObjectsU.rgs">
      <Filter>Resource Files</Filter>
    </None>
    <None Include="res\OLEObjectU.rgs">
      <Filter>Resource Files</Filter>
    </None>
    <None Include="res\RichTextBoxA.rgs">
      <Filter>Resource Files</Filter>
    </None>
    <None Include="res\RichTextBoxU.rgs">
      <Filter>Resource Files</Filter>
    </None>
    <None Include="res\TableA.rgs">
      <Filter>Resource Files</Filter>
    </None>
    <None Include="res\TableCellA.rgs">
      <Filter>Resource Files</Filter>
    </None>
    <None Include="res\TableCellsA.rgs">
      <Filter>Resource Files</Filter>
    </None>
    <None Include="res\TableCellsU.rgs">
      <Filter>Resource Files</Filter>
    </None>
    <None Include="res\TableCellU.rgs">
      <Filter>Resource Files</Filter>
    </None>
    <None Include="res\TableRowA.rgs">
      <Filter>Resource Files</Filter>
    </None>
    <None Include="res\TableRowsA.rgs">
      <Filter>Resource Files</Filter>
    </None>
    <None Include="res\TableRowsU.rgs">
      <Filter>Resource Files</Filter>
    </None>
    <None Include="res\TableRowU.rgs">
      <Filter>Resource Files</Filter>
    </None>
    <None Include="res\TableU.rgs">
      <Filter>Resource Files</Filter>
    </None>
    <None Include="res\TextFontA.rgs">
      <Filter>Resource Files</Filter>
    </None>
    <None Include="res\TextFontU.rgs">
      <Filter>Resource Files</Filter>
    </None>
    <None Include="res\TextParagraphA.rgs">
      <Filter>Resource Files</Filter>
    </None>
    <None Include="res\TextParagraphTabA.rgs">
      <Filter>Resource Files</Filter>
    </None>
    <None Include="res\TextParagraphTabsA.rgs">
      <Filter>Resource Files</Filter>
    </None>
    <None Include="res\TextParagraphTabsU.rgs">
      <Filter>Resource Files</Filter>
    </None>
    <None Include="res\TextParagraphTabU.rgs">
      <Filter>Resource Files</Filter>
    </None>
    <None Include="res\TextParagraphU.rgs">
      <Filter>Resource Files</Filter>
    </None>
    <None Include="res\TextRangeA.rgs">
      <Filter>Resource Files</Filter>
    </None>
    <None Include="res\TextRangeU.rgs">
      <Filter>Resource Files</Filter>
    </None>
    <None Include="res\TextSubRangesA.rgs">
      <Filter>Resource Files</Filter>
    </None>
  </ItemGroup>
  <ItemGroup>
    <Midl Include="RichTextBoxCtlU.idl">
      <Filter>Source Files</Filter>
    </Midl>
    <Midl Include="RichTextBoxCtlA.idl">
      <Filter>Source Files</Filter>
    </Midl>
  </ItemGroup>
  <ItemGroup>
    <ClInclude Include="_IRichTextBoxEvents_CP.h">
      <Filter>Header Files</Filter>
    </ClInclude>
    <ClInclude Include="AboutDlg.h">
      <Filter>Header Files</Filter>
    </ClInclude>
    <ClInclude Include="ClassFactory.h">
      <Filter>Header Files</Filter>
    </ClInclude>
    <ClInclude Include="RichTextBox.h">
      <Filter>Header Files</Filter>
    </ClInclude>
    <ClInclude Include="CompilerFlags.h">
      <Filter>Header Files</Filter>
    </ClInclude>
    <ClInclude Include="CWindowEx2.h">
      <Filter>Header Files</Filter>
    </ClInclude>
    <ClInclude Include="DispIDs.h">
      <Filter>Header Files</Filter>
    </ClInclude>
    <ClInclude Include="EnumOLEVERB.h">
      <Filter>Header Files</Filter>
    </ClInclude>
    <ClInclude Include="helpers.h">
      <Filter>Header Files</Filter>
    </ClInclude>
    <ClInclude Include="HyperLinkEx.h">
      <Filter>Header Files</Filter>
    </ClInclude>
    <ClInclude Include="ICategorizeProperties.h">
      <Filter>Header Files</Filter>
    </ClInclude>
    <ClInclude Include="ICreditsProvider.h">
      <Filter>Header Files</Filter>
    </ClInclude>
    <ClInclude Include="PropertyNotifySinkImpl.h">
      <Filter>Header Files</Filter>
    </ClInclude>
    <ClInclude Include="stdafx.h">
      <Filter>Header Files</Filter>
    </ClInclude>
    <ClInclude Include="RichTextBoxCtlA.h">
      <Filter>Header Files\Generated Files</Filter>
    </ClInclude>
    <ClInclude Include="RichTextBoxCtlU.h">
      <Filter>Header Files\Generated Files</Filter>
    </ClInclude>
    <ClInclude Include="_ITextRangeEvents_CP.h">
      <Filter>Header Files</Filter>
    </ClInclude>
    <ClInclude Include="TextRange.h">
      <Filter>Header Files</Filter>
    </ClInclude>
    <ClInclude Include="_ITextSubRangesEvents_CP.h">
      <Filter>Header Files</Filter>
    </ClInclude>
    <ClInclude Include="TextSubRanges.h">
      <Filter>Header Files</Filter>
    </ClInclude>
    <ClInclude Include="Table.h">
      <Filter>Header Files</Filter>
    </ClInclude>
    <ClInclude Include="TableCell.h">
      <Filter>Header Files</Filter>
    </ClInclude>
    <ClInclude Include="TableCells.h">
      <Filter>Header Files</Filter>
    </ClInclude>
    <ClInclude Include="TableRow.h">
      <Filter>Header Files</Filter>
    </ClInclude>
    <ClInclude Include="TableRows.h">
      <Filter>Header Files</Filter>
    </ClInclude>
    <ClInclude Include="TextFont.h">
      <Filter>Header Files</Filter>
    </ClInclude>
    <ClInclude Include="TextParagraph.h">
      <Filter>Header Files</Filter>
    </ClInclude>
    <ClInclude Include="_ITableEvents_CP.h">
      <Filter>Header Files</Filter>
    </ClInclude>
    <ClInclude Include="_ITableCellEvents_CP.h">
      <Filter>Header Files</Filter>
    </ClInclude>
    <ClInclude Include="_ITableCellsEvents_CP.h">
      <Filter>Header Files</Filter>
    </ClInclude>
    <ClInclude Include="_ITableRowEvents_CP.h">
      <Filter>Header Files</Filter>
    </ClInclude>
    <ClInclude Include="_ITableRowsEvents_CP.h">
      <Filter>Header Files</Filter>
    </ClInclude>
    <ClInclude Include="_ITextFontEvents_CP.h">
      <Filter>Header Files</Filter>
    </ClInclude>
    <ClInclude Include="_ITextParagraphEvents_CP.h">
      <Filter>Header Files</Filter>
    </ClInclude>
    <ClInclude Include="_ITextParagraphTabEvents_CP.h">
      <Filter>Header Files</Filter>
    </ClInclude>
    <ClInclude Include="_ITextParagraphTabsEvents_CP.h">
      <Filter>Header Files</Filter>
    </ClInclude>
    <ClInclude Include="TextParagraphTab.h">
      <Filter>Header Files</Filter>
    </ClInclude>
    <ClInclude Include="TextParagraphTabs.h">
      <Filter>Header Files</Filter>
    </ClInclude>
    <ClInclude Include="SourceOLEDataObject.h">
      <Filter>Header Files</Filter>
    </ClInclude>
    <ClInclude Include="TargetOLEDataObject.h">
      <Filter>Header Files</Filter>
    </ClInclude>
    <ClInclude Include="_IOLEDataObjectEvents_CP.h">
      <Filter>Header Files</Filter>
    </ClInclude>
    <ClInclude Include="_IOLEObjectEvents_CP.h">
      <Filter>Header Files</Filter>
    </ClInclude>
    <ClInclude Include="_IOLEObjectsEvents_CP.h">
      <Filter>Header Files</Filter>
    </ClInclude>
    <ClInclude Include="OLEObject.h">
      <Filter>Header Files</Filter>
    </ClInclude>
    <ClInclude Include="OLEObjects.h">
      <Filter>Header Files</Filter>
    </ClInclude>
    <ClInclude Include="MouseHookProvider.h">
      <Filter>Header Files</Filter>
    </ClInclude>
    <ClInclude Include="IMouseHookHandler.h">
      <Filter>Header Files</Filter>
    </ClInclude>
    <ClInclude Include="RunTimeHelperEx.h">
      <Filter>Header Files</Filter>
    </ClInclude>
    <ClInclude Include="res\resource.h">
      <Filter>Resource Files</Filter>
    </ClInclude>
  </ItemGroup>
  <ItemGroup>
    <ResourceCompile Include="res\RichTextBoxCtl.rc">
      <Filter>Resource Files</Filter>
    </ResourceCompile>
  </ItemGroup>
</Project>